
Microsoft Visual Studio Solution File, Format Version 12.00
# Visual Studio Version 16
VisualStudioVersion = 16.0.32802.440
MinimumVisualStudioVersion = 10.0.40219.1
Project("{FAE04EC0-301F-11D3-BF4B-00C04F79EFBC}") = "TaskM", "TaskM\TaskM.csproj", "{F43E7CBF-4658-4322-898E-9B8FA77871B3}"
EndProject
Global
	GlobalSection(SolutionConfigurationPlatforms) = preSolution
		Debug|Any CPU = Debug|Any CPU
		Release|Any CPU = Release|Any CPU
	EndGlobalSection
	GlobalSection(ProjectConfigurationPlatforms) = postSolution
		{F43E7CBF-4658-4322-898E-9B8FA77871B3}.Debug|Any CPU.ActiveCfg = Debug|Any CPU
		{F43E7CBF-4658-4322-898E-9B8FA77871B3}.Debug|Any CPU.Build.0 = Debug|Any CPU
		{F43E7CBF-4658-4322-898E-9B8FA77871B3}.Release|Any CPU.ActiveCfg = Release|Any CPU
		{F43E7CBF-4658-4322-898E-9B8FA77871B3}.Release|Any CPU.Build.0 = Release|Any CPU
	EndGlobalSection
	GlobalSection(SolutionProperties) = preSolution
		HideSolutionNode = FALSE
	EndGlobalSection
	GlobalSection(ExtensibilityGlobals) = postSolution
		SolutionGuid = {DCD5C5E0-3A91-4205-8365-B77569E9146D}
	EndGlobalSection
EndGlobal
